// !$*UTF8*$!
{
	archiveVersion = 1;
	classes = {
	};
	objectVersion = 56;
	objects = {

/* Begin PBXBuildFile section */
		463BE2DC2AE4153F007843E3 /* SearchCell.swift in Sources */ = {isa = PBXBuildFile; fileRef = 463BE2DB2AE4153F007843E3 /* SearchCell.swift */; };
		463BE2DF2AE5AABA007843E3 /* CategoryNewsTableCell.swift in Sources */ = {isa = PBXBuildFile; fileRef = 463BE2DE2AE5AABA007843E3 /* CategoryNewsTableCell.swift */; };
		4647B0DA2ADB15B00014F39B /* AppDelegate.swift in Sources */ = {isa = PBXBuildFile; fileRef = 4647B0D92ADB15B00014F39B /* AppDelegate.swift */; };
		4647B0DC2ADB15B00014F39B /* SceneDelegate.swift in Sources */ = {isa = PBXBuildFile; fileRef = 4647B0DB2ADB15B00014F39B /* SceneDelegate.swift */; };
		4647B0DE2ADB15B00014F39B /* HomeViewController.swift in Sources */ = {isa = PBXBuildFile; fileRef = 4647B0DD2ADB15B00014F39B /* HomeViewController.swift */; };
		4647B0E12ADB15B00014F39B /* Main.storyboard in Resources */ = {isa = PBXBuildFile; fileRef = 4647B0DF2ADB15B00014F39B /* Main.storyboard */; };
		4647B0E32ADB15B10014F39B /* Assets.xcassets in Resources */ = {isa = PBXBuildFile; fileRef = 4647B0E22ADB15B10014F39B /* Assets.xcassets */; };
		4647B0E62ADB15B10014F39B /* LaunchScreen.storyboard in Resources */ = {isa = PBXBuildFile; fileRef = 4647B0E42ADB15B10014F39B /* LaunchScreen.storyboard */; };
		4647B0F62ADC23170014F39B /* NewYorkLarge-Semibold.otf in Resources */ = {isa = PBXBuildFile; fileRef = 4647B0F42ADC23170014F39B /* NewYorkLarge-Semibold.otf */; };
		4647B0F72ADC23170014F39B /* NewYorkMedium-Bold.otf in Resources */ = {isa = PBXBuildFile; fileRef = 4647B0F52ADC23170014F39B /* NewYorkMedium-Bold.otf */; };
		4647B0F82ADC231C0014F39B /* Nunito-Black.ttf in Resources */ = {isa = PBXBuildFile; fileRef = 4647B0EE2ADC22E90014F39B /* Nunito-Black.ttf */; };
		4647B0F92ADC23220014F39B /* Nunito-ExtraBold.ttf in Resources */ = {isa = PBXBuildFile; fileRef = 4647B0F22ADC22E90014F39B /* Nunito-ExtraBold.ttf */; };
		4647B0FA2ADC23220014F39B /* Nunito-Light.ttf in Resources */ = {isa = PBXBuildFile; fileRef = 4647B0F12ADC22E90014F39B /* Nunito-Light.ttf */; };
		4647B0FB2ADC23220014F39B /* Nunito-Bold.ttf in Resources */ = {isa = PBXBuildFile; fileRef = 4647B0EF2ADC22E90014F39B /* Nunito-Bold.ttf */; };
		4647B0FC2ADC23220014F39B /* Nunito-SemiBold.ttf in Resources */ = {isa = PBXBuildFile; fileRef = 4647B0F32ADC22E90014F39B /* Nunito-SemiBold.ttf */; };
		4647B0FD2ADC23220014F39B /* Nunito-Regular.ttf in Resources */ = {isa = PBXBuildFile; fileRef = 4647B0F02ADC22E90014F39B /* Nunito-Regular.ttf */; };
		4647B0FF2ADC247F0014F39B /* TextFonts.swift in Sources */ = {isa = PBXBuildFile; fileRef = 4647B0FE2ADC247F0014F39B /* TextFonts.swift */; };
		4647B1082ADC369A0014F39B /* MainTabBarController.swift in Sources */ = {isa = PBXBuildFile; fileRef = 4647B1072ADC369A0014F39B /* MainTabBarController.swift */; };
		4647B10A2ADC36E60014F39B /* FavoriteViewController.swift in Sources */ = {isa = PBXBuildFile; fileRef = 4647B1092ADC36E60014F39B /* FavoriteViewController.swift */; };
		4647B10C2ADC371B0014F39B /* ProfileViewController.swift in Sources */ = {isa = PBXBuildFile; fileRef = 4647B10B2ADC371B0014F39B /* ProfileViewController.swift */; };
		4647B1172ADC510F0014F39B /* Colors.swift in Sources */ = {isa = PBXBuildFile; fileRef = 4647B1162ADC510F0014F39B /* Colors.swift */; };
		4647B11A2ADC5D580014F39B /* NotificationButton.swift in Sources */ = {isa = PBXBuildFile; fileRef = 4647B1192ADC5D580014F39B /* NotificationButton.swift */; };
		4647B11D2ADC635D0014F39B /* SnapKit in Frameworks */ = {isa = PBXBuildFile; productRef = 4647B11C2ADC635D0014F39B /* SnapKit */; };
		4647B1222ADC67B90014F39B /* HeaderViewCell.swift in Sources */ = {isa = PBXBuildFile; fileRef = 4647B1212ADC67B90014F39B /* HeaderViewCell.swift */; };
		4647B1242ADC785E0014F39B /* CustomButton.swift in Sources */ = {isa = PBXBuildFile; fileRef = 4647B1232ADC785D0014F39B /* CustomButton.swift */; };
		4647B1532ADDB8A90014F39B /* Extension+UIImageView.swift in Sources */ = {isa = PBXBuildFile; fileRef = 4647B1522ADDB8A90014F39B /* Extension+UIImageView.swift */; };
		4647B1592ADED3760014F39B /* FreshNewsTableViewCell.swift in Sources */ = {isa = PBXBuildFile; fileRef = 4647B1582ADED3760014F39B /* FreshNewsTableViewCell.swift */; };
		4647B15B2ADEDBDE0014F39B /* NewsCollectionViewCell.swift in Sources */ = {isa = PBXBuildFile; fileRef = 4647B15A2ADEDBDE0014F39B /* NewsCollectionViewCell.swift */; };
		4647B1612AE1996A0014F39B /* MenuTableViewCell.swift in Sources */ = {isa = PBXBuildFile; fileRef = 4647B1602AE1996A0014F39B /* MenuTableViewCell.swift */; };
		4647B1632AE19CFC0014F39B /* MenuButtonCollectionViewCell.swift in Sources */ = {isa = PBXBuildFile; fileRef = 4647B1622AE19CFC0014F39B /* MenuButtonCollectionViewCell.swift */; };
		4653FA132AF7827D008E7EB8 /* CategoryNewsCollectionCell.swift in Sources */ = {isa = PBXBuildFile; fileRef = 4653FA122AF7827D008E7EB8 /* CategoryNewsCollectionCell.swift */; };
		4653FA172AF78824008E7EB8 /* Extensions+UILabel.swift in Sources */ = {isa = PBXBuildFile; fileRef = 4653FA162AF78824008E7EB8 /* Extensions+UILabel.swift */; };
		4653FA1A2AF79F4F008E7EB8 /* Headlines.swift in Sources */ = {isa = PBXBuildFile; fileRef = 4653FA192AF79F4F008E7EB8 /* Headlines.swift */; };
		4653FA1D2AF7A875008E7EB8 /* HeadlineService.swift in Sources */ = {isa = PBXBuildFile; fileRef = 4653FA1C2AF7A875008E7EB8 /* HeadlineService.swift */; };
		4653FA1F2AF7A887008E7EB8 /* HeadlineRequest.swift in Sources */ = {isa = PBXBuildFile; fileRef = 4653FA1E2AF7A887008E7EB8 /* HeadlineRequest.swift */; };
		4653FA212AF7A897008E7EB8 /* HeadlineEndpoint.swift in Sources */ = {isa = PBXBuildFile; fileRef = 4653FA202AF7A897008E7EB8 /* HeadlineEndpoint.swift */; };
/* End PBXBuildFile section */

/* Begin PBXFileReference section */
		463BE2DB2AE4153F007843E3 /* SearchCell.swift */ = {isa = PBXFileReference; lastKnownFileType = sourcecode.swift; path = SearchCell.swift; sourceTree = "<group>"; };
		463BE2DE2AE5AABA007843E3 /* CategoryNewsTableCell.swift */ = {isa = PBXFileReference; lastKnownFileType = sourcecode.swift; path = CategoryNewsTableCell.swift; sourceTree = "<group>"; };
		464155442AF688D100D2E001 /* SwiftLint.pkg */ = {isa = PBXFileReference; lastKnownFileType = file; name = SwiftLint.pkg; path = ../../../Downloads/SwiftLint.pkg; sourceTree = "<group>"; };
		464155482AF68CDF00D2E001 /* .swiftlint.yml */ = {isa = PBXFileReference; lastKnownFileType = text.yaml; path = .swiftlint.yml; sourceTree = "<group>"; };
		4647B0D62ADB15B00014F39B /* NewsApp.app */ = {isa = PBXFileReference; explicitFileType = wrapper.application; includeInIndex = 0; path = NewsApp.app; sourceTree = BUILT_PRODUCTS_DIR; };
		4647B0D92ADB15B00014F39B /* AppDelegate.swift */ = {isa = PBXFileReference; lastKnownFileType = sourcecode.swift; path = AppDelegate.swift; sourceTree = "<group>"; };
		4647B0DB2ADB15B00014F39B /* SceneDelegate.swift */ = {isa = PBXFileReference; lastKnownFileType = sourcecode.swift; path = SceneDelegate.swift; sourceTree = "<group>"; };
		4647B0DD2ADB15B00014F39B /* HomeViewController.swift */ = {isa = PBXFileReference; lastKnownFileType = sourcecode.swift; path = HomeViewController.swift; sourceTree = "<group>"; };
		4647B0E02ADB15B00014F39B /* Base */ = {isa = PBXFileReference; lastKnownFileType = file.storyboard; name = Base; path = Base.lproj/Main.storyboard; sourceTree = "<group>"; };
		4647B0E22ADB15B10014F39B /* Assets.xcassets */ = {isa = PBXFileReference; lastKnownFileType = folder.assetcatalog; path = Assets.xcassets; sourceTree = "<group>"; };
		4647B0E52ADB15B10014F39B /* Base */ = {isa = PBXFileReference; lastKnownFileType = file.storyboard; name = Base; path = Base.lproj/LaunchScreen.storyboard; sourceTree = "<group>"; };
		4647B0E72ADB15B10014F39B /* Info.plist */ = {isa = PBXFileReference; lastKnownFileType = text.plist.xml; path = Info.plist; sourceTree = "<group>"; };
		4647B0EE2ADC22E90014F39B /* Nunito-Black.ttf */ = {isa = PBXFileReference; lastKnownFileType = file; path = "Nunito-Black.ttf"; sourceTree = "<group>"; };
		4647B0EF2ADC22E90014F39B /* Nunito-Bold.ttf */ = {isa = PBXFileReference; lastKnownFileType = file; path = "Nunito-Bold.ttf"; sourceTree = "<group>"; };
		4647B0F02ADC22E90014F39B /* Nunito-Regular.ttf */ = {isa = PBXFileReference; lastKnownFileType = file; path = "Nunito-Regular.ttf"; sourceTree = "<group>"; };
		4647B0F12ADC22E90014F39B /* Nunito-Light.ttf */ = {isa = PBXFileReference; lastKnownFileType = file; path = "Nunito-Light.ttf"; sourceTree = "<group>"; };
		4647B0F22ADC22E90014F39B /* Nunito-ExtraBold.ttf */ = {isa = PBXFileReference; lastKnownFileType = file; path = "Nunito-ExtraBold.ttf"; sourceTree = "<group>"; };
		4647B0F32ADC22E90014F39B /* Nunito-SemiBold.ttf */ = {isa = PBXFileReference; lastKnownFileType = file; path = "Nunito-SemiBold.ttf"; sourceTree = "<group>"; };
		4647B0F42ADC23170014F39B /* NewYorkLarge-Semibold.otf */ = {isa = PBXFileReference; lastKnownFileType = file; path = "NewYorkLarge-Semibold.otf"; sourceTree = "<group>"; };
		4647B0F52ADC23170014F39B /* NewYorkMedium-Bold.otf */ = {isa = PBXFileReference; lastKnownFileType = file; path = "NewYorkMedium-Bold.otf"; sourceTree = "<group>"; };
		4647B0FE2ADC247F0014F39B /* TextFonts.swift */ = {isa = PBXFileReference; lastKnownFileType = sourcecode.swift; path = TextFonts.swift; sourceTree = "<group>"; };
		4647B1072ADC369A0014F39B /* MainTabBarController.swift */ = {isa = PBXFileReference; lastKnownFileType = sourcecode.swift; path = MainTabBarController.swift; sourceTree = "<group>"; };
		4647B1092ADC36E60014F39B /* FavoriteViewController.swift */ = {isa = PBXFileReference; lastKnownFileType = sourcecode.swift; path = FavoriteViewController.swift; sourceTree = "<group>"; };
		4647B10B2ADC371B0014F39B /* ProfileViewController.swift */ = {isa = PBXFileReference; lastKnownFileType = sourcecode.swift; path = ProfileViewController.swift; sourceTree = "<group>"; };
		4647B1162ADC510F0014F39B /* Colors.swift */ = {isa = PBXFileReference; lastKnownFileType = sourcecode.swift; path = Colors.swift; sourceTree = "<group>"; };
		4647B1192ADC5D580014F39B /* NotificationButton.swift */ = {isa = PBXFileReference; lastKnownFileType = sourcecode.swift; path = NotificationButton.swift; sourceTree = "<group>"; };
		4647B1212ADC67B90014F39B /* HeaderViewCell.swift */ = {isa = PBXFileReference; lastKnownFileType = sourcecode.swift; path = HeaderViewCell.swift; sourceTree = "<group>"; };
		4647B1232ADC785D0014F39B /* CustomButton.swift */ = {isa = PBXFileReference; lastKnownFileType = sourcecode.swift; path = CustomButton.swift; sourceTree = "<group>"; };
		4647B1522ADDB8A90014F39B /* Extension+UIImageView.swift */ = {isa = PBXFileReference; lastKnownFileType = sourcecode.swift; path = "Extension+UIImageView.swift"; sourceTree = "<group>"; };
		4647B1582ADED3760014F39B /* FreshNewsTableViewCell.swift */ = {isa = PBXFileReference; lastKnownFileType = sourcecode.swift; path = FreshNewsTableViewCell.swift; sourceTree = "<group>"; };
		4647B15A2ADEDBDE0014F39B /* NewsCollectionViewCell.swift */ = {isa = PBXFileReference; lastKnownFileType = sourcecode.swift; path = NewsCollectionViewCell.swift; sourceTree = "<group>"; };
		4647B1602AE1996A0014F39B /* MenuTableViewCell.swift */ = {isa = PBXFileReference; lastKnownFileType = sourcecode.swift; path = MenuTableViewCell.swift; sourceTree = "<group>"; };
		4647B1622AE19CFC0014F39B /* MenuButtonCollectionViewCell.swift */ = {isa = PBXFileReference; lastKnownFileType = sourcecode.swift; path = MenuButtonCollectionViewCell.swift; sourceTree = "<group>"; };
		4653FA122AF7827D008E7EB8 /* CategoryNewsCollectionCell.swift */ = {isa = PBXFileReference; lastKnownFileType = sourcecode.swift; path = CategoryNewsCollectionCell.swift; sourceTree = "<group>"; };
		4653FA162AF78824008E7EB8 /* Extensions+UILabel.swift */ = {isa = PBXFileReference; lastKnownFileType = sourcecode.swift; path = "Extensions+UILabel.swift"; sourceTree = "<group>"; };
		4653FA192AF79F4F008E7EB8 /* Headlines.swift */ = {isa = PBXFileReference; lastKnownFileType = sourcecode.swift; path = Headlines.swift; sourceTree = "<group>"; };
		4653FA1C2AF7A875008E7EB8 /* HeadlineService.swift */ = {isa = PBXFileReference; lastKnownFileType = sourcecode.swift; path = HeadlineService.swift; sourceTree = "<group>"; };
		4653FA1E2AF7A887008E7EB8 /* HeadlineRequest.swift */ = {isa = PBXFileReference; lastKnownFileType = sourcecode.swift; path = HeadlineRequest.swift; sourceTree = "<group>"; };
		4653FA202AF7A897008E7EB8 /* HeadlineEndpoint.swift */ = {isa = PBXFileReference; lastKnownFileType = sourcecode.swift; path = HeadlineEndpoint.swift; sourceTree = "<group>"; };
/* End PBXFileReference section */

/* Begin PBXFrameworksBuildPhase section */
		4647B0D32ADB15B00014F39B /* Frameworks */ = {
			isa = PBXFrameworksBuildPhase;
			buildActionMask = 2147483647;
			files = (
				4647B11D2ADC635D0014F39B /* SnapKit in Frameworks */,
			);
			runOnlyForDeploymentPostprocessing = 0;
		};
/* End PBXFrameworksBuildPhase section */

/* Begin PBXGroup section */
		463BE2DA2AE4151E007843E3 /* SearchCell */ = {
			isa = PBXGroup;
			children = (
				463BE2DB2AE4153F007843E3 /* SearchCell.swift */,
			);
			path = SearchCell;
			sourceTree = "<group>";
		};
		463BE2DD2AE5AA0D007843E3 /* CategoryNewsCell */ = {
			isa = PBXGroup;
			children = (
				463BE2DE2AE5AABA007843E3 /* CategoryNewsTableCell.swift */,
				4653FA122AF7827D008E7EB8 /* CategoryNewsCollectionCell.swift */,
			);
			path = CategoryNewsCell;
			sourceTree = "<group>";
		};
		464155432AF688D100D2E001 /* Frameworks */ = {
			isa = PBXGroup;
			children = (
				464155442AF688D100D2E001 /* SwiftLint.pkg */,
			);
			name = Frameworks;
			sourceTree = "<group>";
		};
		4647B0CD2ADB15B00014F39B = {
			isa = PBXGroup;
			children = (
				4647B0D82ADB15B00014F39B /* NewsApp */,
				4647B0D72ADB15B00014F39B /* Products */,
				464155432AF688D100D2E001 /* Frameworks */,
			);
			sourceTree = "<group>";
		};
		4647B0D72ADB15B00014F39B /* Products */ = {
			isa = PBXGroup;
			children = (
				4647B0D62ADB15B00014F39B /* NewsApp.app */,
			);
			name = Products;
			sourceTree = "<group>";
		};
		4647B0D82ADB15B00014F39B /* NewsApp */ = {
			isa = PBXGroup;
			children = (
				4653FA1B2AF7A83D008E7EB8 /* ApiClient */,
				4653FA182AF79F3D008E7EB8 /* Models */,
				4647B1012ADC2A720014F39B /* Application */,
				4647B1022ADC2B780014F39B /* Extensions */,
				4647B1002ADC2A430014F39B /* Resources */,
				4647B1042ADC2BA00014F39B /* Screens */,
				4647B1032ADC2B8A0014F39B /* Services */,
				4647B1062ADC2BB10014F39B /* SupportingFiles */,
				464155482AF68CDF00D2E001 /* .swiftlint.yml */,
			);
			path = NewsApp;
			sourceTree = "<group>";
		};
		4647B0ED2ADC22BE0014F39B /* Fonts */ = {
			isa = PBXGroup;
			children = (
				4647B0EE2ADC22E90014F39B /* Nunito-Black.ttf */,
				4647B0F42ADC23170014F39B /* NewYorkLarge-Semibold.otf */,
				4647B0F52ADC23170014F39B /* NewYorkMedium-Bold.otf */,
				4647B0EF2ADC22E90014F39B /* Nunito-Bold.ttf */,
				4647B0F22ADC22E90014F39B /* Nunito-ExtraBold.ttf */,
				4647B0F12ADC22E90014F39B /* Nunito-Light.ttf */,
				4647B0F02ADC22E90014F39B /* Nunito-Regular.ttf */,
				4647B0F32ADC22E90014F39B /* Nunito-SemiBold.ttf */,
			);
			path = Fonts;
			sourceTree = "<group>";
		};
		4647B1002ADC2A430014F39B /* Resources */ = {
			isa = PBXGroup;
			children = (
				4647B0ED2ADC22BE0014F39B /* Fonts */,
				4647B0DF2ADB15B00014F39B /* Main.storyboard */,
				4647B0E22ADB15B10014F39B /* Assets.xcassets */,
				4647B0E42ADB15B10014F39B /* LaunchScreen.storyboard */,
				4647B0E72ADB15B10014F39B /* Info.plist */,
			);
			path = Resources;
			sourceTree = "<group>";
		};
		4647B1012ADC2A720014F39B /* Application */ = {
			isa = PBXGroup;
			children = (
				4647B0D92ADB15B00014F39B /* AppDelegate.swift */,
				4647B0DB2ADB15B00014F39B /* SceneDelegate.swift */,
			);
			path = Application;
			sourceTree = "<group>";
		};
		4647B1022ADC2B780014F39B /* Extensions */ = {
			isa = PBXGroup;
			children = (
				4647B1522ADDB8A90014F39B /* Extension+UIImageView.swift */,
				4653FA162AF78824008E7EB8 /* Extensions+UILabel.swift */,
			);
			path = Extensions;
			sourceTree = "<group>";
		};
		4647B1032ADC2B8A0014F39B /* Services */ = {
			isa = PBXGroup;
			children = (
			);
			path = Services;
			sourceTree = "<group>";
		};
		4647B1042ADC2BA00014F39B /* Screens */ = {
			isa = PBXGroup;
			children = (
				4647B10F2ADC500C0014F39B /* Home */,
				4647B1122ADC50410014F39B /* Favorite */,
				4647B1132ADC504B0014F39B /* Profile */,
				4647B1072ADC369A0014F39B /* MainTabBarController.swift */,
			);
			path = Screens;
			sourceTree = "<group>";
		};
		4647B1062ADC2BB10014F39B /* SupportingFiles */ = {
			isa = PBXGroup;
			children = (
				4647B0FE2ADC247F0014F39B /* TextFonts.swift */,
				4647B1162ADC510F0014F39B /* Colors.swift */,
			);
			path = SupportingFiles;
			sourceTree = "<group>";
		};
		4647B10F2ADC500C0014F39B /* Home */ = {
			isa = PBXGroup;
			children = (
				463BE2DD2AE5AA0D007843E3 /* CategoryNewsCell */,
				4647B11E2ADC677C0014F39B /* HeaderCell */,
				463BE2DA2AE4151E007843E3 /* SearchCell */,
				4647B15E2AE190320014F39B /* FreshNewsCells */,
				4647B15F2AE190C10014F39B /* HorizontalMenuCells */,
				4647B1102ADC50130014F39B /* Views */,
				4647B0DD2ADB15B00014F39B /* HomeViewController.swift */,
			);
			path = Home;
			sourceTree = "<group>";
		};
		4647B1102ADC50130014F39B /* Views */ = {
			isa = PBXGroup;
			children = (
				4647B1182ADC5D440014F39B /* NotificationButton */,
			);
			path = Views;
			sourceTree = "<group>";
		};
		4647B1122ADC50410014F39B /* Favorite */ = {
			isa = PBXGroup;
			children = (
				4647B1092ADC36E60014F39B /* FavoriteViewController.swift */,
			);
			path = Favorite;
			sourceTree = "<group>";
		};
		4647B1132ADC504B0014F39B /* Profile */ = {
			isa = PBXGroup;
			children = (
				4647B10B2ADC371B0014F39B /* ProfileViewController.swift */,
			);
			path = Profile;
			sourceTree = "<group>";
		};
		4647B1182ADC5D440014F39B /* NotificationButton */ = {
			isa = PBXGroup;
			children = (
				4647B1192ADC5D580014F39B /* NotificationButton.swift */,
			);
			path = NotificationButton;
			sourceTree = "<group>";
		};
		4647B11E2ADC677C0014F39B /* HeaderCell */ = {
			isa = PBXGroup;
			children = (
				4647B1212ADC67B90014F39B /* HeaderViewCell.swift */,
				4647B1232ADC785D0014F39B /* CustomButton.swift */,
			);
			path = HeaderCell;
			sourceTree = "<group>";
		};
		4647B15E2AE190320014F39B /* FreshNewsCells */ = {
			isa = PBXGroup;
			children = (
				4647B1582ADED3760014F39B /* FreshNewsTableViewCell.swift */,
				4647B15A2ADEDBDE0014F39B /* NewsCollectionViewCell.swift */,
			);
			path = FreshNewsCells;
			sourceTree = "<group>";
		};
		4647B15F2AE190C10014F39B /* HorizontalMenuCells */ = {
			isa = PBXGroup;
			children = (
				4647B1602AE1996A0014F39B /* MenuTableViewCell.swift */,
				4647B1622AE19CFC0014F39B /* MenuButtonCollectionViewCell.swift */,
			);
			path = HorizontalMenuCells;
			sourceTree = "<group>";
		};
		4653FA182AF79F3D008E7EB8 /* Models */ = {
			isa = PBXGroup;
			children = (
				4653FA192AF79F4F008E7EB8 /* Headlines.swift */,
			);
			path = Models;
			sourceTree = "<group>";
		};
		4653FA1B2AF7A83D008E7EB8 /* ApiClient */ = {
			isa = PBXGroup;
			children = (
				4653FA1C2AF7A875008E7EB8 /* HeadlineService.swift */,
				4653FA1E2AF7A887008E7EB8 /* HeadlineRequest.swift */,
				4653FA202AF7A897008E7EB8 /* HeadlineEndpoint.swift */,
			);
			path = ApiClient;
			sourceTree = "<group>";
		};
/* End PBXGroup section */

/* Begin PBXNativeTarget section */
		4647B0D52ADB15B00014F39B /* NewsApp */ = {
			isa = PBXNativeTarget;
			buildConfigurationList = 4647B0EA2ADB15B10014F39B /* Build configuration list for PBXNativeTarget "NewsApp" */;
			buildPhases = (
				4647B0D22ADB15B00014F39B /* Sources */,
				4647B0D32ADB15B00014F39B /* Frameworks */,
				4647B0D42ADB15B00014F39B /* Resources */,
				464155462AF68A5000D2E001 /* Run With Swiftlint Script */,
			);
			buildRules = (
			);
			dependencies = (
			);
			name = NewsApp;
			packageProductDependencies = (
				4647B11C2ADC635D0014F39B /* SnapKit */,
			);
			productName = NewsApp;
			productReference = 4647B0D62ADB15B00014F39B /* NewsApp.app */;
			productType = "com.apple.product-type.application";
		};
/* End PBXNativeTarget section */

/* Begin PBXProject section */
		4647B0CE2ADB15B00014F39B /* Project object */ = {
			isa = PBXProject;
			attributes = {
				BuildIndependentTargetsInParallel = 1;
				LastSwiftUpdateCheck = 1500;
				LastUpgradeCheck = 1500;
				TargetAttributes = {
					4647B0D52ADB15B00014F39B = {
						CreatedOnToolsVersion = 15.0;
					};
				};
			};
			buildConfigurationList = 4647B0D12ADB15B00014F39B /* Build configuration list for PBXProject "NewsApp" */;
			compatibilityVersion = "Xcode 14.0";
			developmentRegion = en;
			hasScannedForEncodings = 0;
			knownRegions = (
				en,
				Base,
			);
			mainGroup = 4647B0CD2ADB15B00014F39B;
			packageReferences = (
				4647B11B2ADC635D0014F39B /* XCRemoteSwiftPackageReference "SnapKit" */,
			);
			productRefGroup = 4647B0D72ADB15B00014F39B /* Products */;
			projectDirPath = "";
			projectRoot = "";
			targets = (
				4647B0D52ADB15B00014F39B /* NewsApp */,
			);
		};
/* End PBXProject section */

/* Begin PBXResourcesBuildPhase section */
		4647B0D42ADB15B00014F39B /* Resources */ = {
			isa = PBXResourcesBuildPhase;
			buildActionMask = 2147483647;
			files = (
				4647B0FD2ADC23220014F39B /* Nunito-Regular.ttf in Resources */,
				4647B0F72ADC23170014F39B /* NewYorkMedium-Bold.otf in Resources */,
				4647B0E62ADB15B10014F39B /* LaunchScreen.storyboard in Resources */,
				4647B0E32ADB15B10014F39B /* Assets.xcassets in Resources */,
				4647B0F62ADC23170014F39B /* NewYorkLarge-Semibold.otf in Resources */,
				4647B0FC2ADC23220014F39B /* Nunito-SemiBold.ttf in Resources */,
				4647B0FB2ADC23220014F39B /* Nunito-Bold.ttf in Resources */,
				4647B0E12ADB15B00014F39B /* Main.storyboard in Resources */,
				4647B0F82ADC231C0014F39B /* Nunito-Black.ttf in Resources */,
				4647B0FA2ADC23220014F39B /* Nunito-Light.ttf in Resources */,
				4647B0F92ADC23220014F39B /* Nunito-ExtraBold.ttf in Resources */,
			);
			runOnlyForDeploymentPostprocessing = 0;
		};
/* End PBXResourcesBuildPhase section */

/* Begin PBXShellScriptBuildPhase section */
		464155462AF68A5000D2E001 /* Run With Swiftlint Script */ = {
			isa = PBXShellScriptBuildPhase;
			alwaysOutOfDate = 1;
			buildActionMask = 2147483647;
			files = (
			);
			inputFileListPaths = (
			);
			inputPaths = (
			);
			name = "Run With Swiftlint Script";
			outputFileListPaths = (
			);
			outputPaths = (
			);
			runOnlyForDeploymentPostprocessing = 0;
			shellPath = /bin/sh;
			shellScript = "if which swiftlint >/dev/null; then\n  swiftlint\nelse\n  echo \"error: SwiftLint does not exist, download it from https://github.com/realm/SwiftLint\"\n  exit 1\nfi\n";
		};
/* End PBXShellScriptBuildPhase section */

/* Begin PBXSourcesBuildPhase section */
		4647B0D22ADB15B00014F39B /* Sources */ = {
			isa = PBXSourcesBuildPhase;
			buildActionMask = 2147483647;
			files = (
				463BE2DC2AE4153F007843E3 /* SearchCell.swift in Sources */,
				4647B1172ADC510F0014F39B /* Colors.swift in Sources */,
				4653FA1A2AF79F4F008E7EB8 /* Headlines.swift in Sources */,
				4647B11A2ADC5D580014F39B /* NotificationButton.swift in Sources */,
				4647B0FF2ADC247F0014F39B /* TextFonts.swift in Sources */,
				4653FA132AF7827D008E7EB8 /* CategoryNewsCollectionCell.swift in Sources */,
				4647B1632AE19CFC0014F39B /* MenuButtonCollectionViewCell.swift in Sources */,
				4647B1612AE1996A0014F39B /* MenuTableViewCell.swift in Sources */,
				4647B0DE2ADB15B00014F39B /* HomeViewController.swift in Sources */,
				4653FA1D2AF7A875008E7EB8 /* HeadlineService.swift in Sources */,
				4647B1082ADC369A0014F39B /* MainTabBarController.swift in Sources */,
				4647B1532ADDB8A90014F39B /* Extension+UIImageView.swift in Sources */,
				4647B0DA2ADB15B00014F39B /* AppDelegate.swift in Sources */,
				4653FA1F2AF7A887008E7EB8 /* HeadlineRequest.swift in Sources */,
				4647B1222ADC67B90014F39B /* HeaderViewCell.swift in Sources */,
				4647B1242ADC785E0014F39B /* CustomButton.swift in Sources */,
				463BE2DF2AE5AABA007843E3 /* CategoryNewsTableCell.swift in Sources */,
				4647B10C2ADC371B0014F39B /* ProfileViewController.swift in Sources */,
				4647B15B2ADEDBDE0014F39B /* NewsCollectionViewCell.swift in Sources */,
				4653FA172AF78824008E7EB8 /* Extensions+UILabel.swift in Sources */,
				4653FA212AF7A897008E7EB8 /* HeadlineEndpoint.swift in Sources */,
				4647B10A2ADC36E60014F39B /* FavoriteViewController.swift in Sources */,
				4647B0DC2ADB15B00014F39B /* SceneDelegate.swift in Sources */,
				4647B1592ADED3760014F39B /* FreshNewsTableViewCell.swift in Sources */,
			);
			runOnlyForDeploymentPostprocessing = 0;
		};
/* End PBXSourcesBuildPhase section */

/* Begin PBXVariantGroup section */
		4647B0DF2ADB15B00014F39B /* Main.storyboard */ = {
			isa = PBXVariantGroup;
			children = (
				4647B0E02ADB15B00014F39B /* Base */,
			);
			name = Main.storyboard;
			sourceTree = "<group>";
		};
		4647B0E42ADB15B10014F39B /* LaunchScreen.storyboard */ = {
			isa = PBXVariantGroup;
			children = (
				4647B0E52ADB15B10014F39B /* Base */,
			);
			name = LaunchScreen.storyboard;
			sourceTree = "<group>";
		};
/* End PBXVariantGroup section */

/* Begin XCBuildConfiguration section */
		4647B0E82ADB15B10014F39B /* Debug */ = {
			isa = XCBuildConfiguration;
			buildSettings = {
				ALWAYS_SEARCH_USER_PATHS = NO;
				ASSETCATALOG_COMPILER_GENERATE_SWIFT_ASSET_SYMBOL_EXTENSIONS = YES;
				CLANG_ANALYZER_NONNULL = YES;
				CLANG_ANALYZER_NUMBER_OBJECT_CONVERSION = YES_AGGRESSIVE;
				CLANG_CXX_LANGUAGE_STANDARD = "gnu++20";
				CLANG_ENABLE_MODULES = YES;
				CLANG_ENABLE_OBJC_ARC = YES;
				CLANG_ENABLE_OBJC_WEAK = YES;
				CLANG_WARN_BLOCK_CAPTURE_AUTORELEASING = YES;
				CLANG_WARN_BOOL_CONVERSION = YES;
				CLANG_WARN_COMMA = YES;
				CLANG_WARN_CONSTANT_CONVERSION = YES;
				CLANG_WARN_DEPRECATED_OBJC_IMPLEMENTATIONS = YES;
				CLANG_WARN_DIRECT_OBJC_ISA_USAGE = YES_ERROR;
				CLANG_WARN_DOCUMENTATION_COMMENTS = YES;
				CLANG_WARN_EMPTY_BODY = YES;
				CLANG_WARN_ENUM_CONVERSION = YES;
				CLANG_WARN_INFINITE_RECURSION = YES;
				CLANG_WARN_INT_CONVERSION = YES;
				CLANG_WARN_NON_LITERAL_NULL_CONVERSION = YES;
				CLANG_WARN_OBJC_IMPLICIT_RETAIN_SELF = YES;
				CLANG_WARN_OBJC_LITERAL_CONVERSION = YES;
				CLANG_WARN_OBJC_ROOT_CLASS = YES_ERROR;
				CLANG_WARN_QUOTED_INCLUDE_IN_FRAMEWORK_HEADER = YES;
				CLANG_WARN_RANGE_LOOP_ANALYSIS = YES;
				CLANG_WARN_STRICT_PROTOTYPES = YES;
				CLANG_WARN_SUSPICIOUS_MOVE = YES;
				CLANG_WARN_UNGUARDED_AVAILABILITY = YES_AGGRESSIVE;
				CLANG_WARN_UNREACHABLE_CODE = YES;
				CLANG_WARN__DUPLICATE_METHOD_MATCH = YES;
				COPY_PHASE_STRIP = NO;
				DEBUG_INFORMATION_FORMAT = dwarf;
				ENABLE_STRICT_OBJC_MSGSEND = YES;
				ENABLE_TESTABILITY = YES;
				ENABLE_USER_SCRIPT_SANDBOXING = YES;
				GCC_C_LANGUAGE_STANDARD = gnu17;
				GCC_DYNAMIC_NO_PIC = NO;
				GCC_NO_COMMON_BLOCKS = YES;
				GCC_OPTIMIZATION_LEVEL = 0;
				GCC_PREPROCESSOR_DEFINITIONS = (
					"DEBUG=1",
					"$(inherited)",
				);
				GCC_WARN_64_TO_32_BIT_CONVERSION = YES;
				GCC_WARN_ABOUT_RETURN_TYPE = YES_ERROR;
				GCC_WARN_UNDECLARED_SELECTOR = YES;
				GCC_WARN_UNINITIALIZED_AUTOS = YES_AGGRESSIVE;
				GCC_WARN_UNUSED_FUNCTION = YES;
				GCC_WARN_UNUSED_VARIABLE = YES;
				IPHONEOS_DEPLOYMENT_TARGET = 16.4;
				LOCALIZATION_PREFERS_STRING_CATALOGS = YES;
				MTL_ENABLE_DEBUG_INFO = INCLUDE_SOURCE;
				MTL_FAST_MATH = YES;
				ONLY_ACTIVE_ARCH = YES;
				SDKROOT = iphoneos;
				SWIFT_ACTIVE_COMPILATION_CONDITIONS = "DEBUG $(inherited)";
				SWIFT_OPTIMIZATION_LEVEL = "-Onone";
			};
			name = Debug;
		};
		4647B0E92ADB15B10014F39B /* Release */ = {
			isa = XCBuildConfiguration;
			buildSettings = {
				ALWAYS_SEARCH_USER_PATHS = NO;
				ASSETCATALOG_COMPILER_GENERATE_SWIFT_ASSET_SYMBOL_EXTENSIONS = YES;
				CLANG_ANALYZER_NONNULL = YES;
				CLANG_ANALYZER_NUMBER_OBJECT_CONVERSION = YES_AGGRESSIVE;
				CLANG_CXX_LANGUAGE_STANDARD = "gnu++20";
				CLANG_ENABLE_MODULES = YES;
				CLANG_ENABLE_OBJC_ARC = YES;
				CLANG_ENABLE_OBJC_WEAK = YES;
				CLANG_WARN_BLOCK_CAPTURE_AUTORELEASING = YES;
				CLANG_WARN_BOOL_CONVERSION = YES;
				CLANG_WARN_COMMA = YES;
				CLANG_WARN_CONSTANT_CONVERSION = YES;
				CLANG_WARN_DEPRECATED_OBJC_IMPLEMENTATIONS = YES;
				CLANG_WARN_DIRECT_OBJC_ISA_USAGE = YES_ERROR;
				CLANG_WARN_DOCUMENTATION_COMMENTS = YES;
				CLANG_WARN_EMPTY_BODY = YES;
				CLANG_WARN_ENUM_CONVERSION = YES;
				CLANG_WARN_INFINITE_RECURSION = YES;
				CLANG_WARN_INT_CONVERSION = YES;
				CLANG_WARN_NON_LITERAL_NULL_CONVERSION = YES;
				CLANG_WARN_OBJC_IMPLICIT_RETAIN_SELF = YES;
				CLANG_WARN_OBJC_LITERAL_CONVERSION = YES;
				CLANG_WARN_OBJC_ROOT_CLASS = YES_ERROR;
				CLANG_WARN_QUOTED_INCLUDE_IN_FRAMEWORK_HEADER = YES;
				CLANG_WARN_RANGE_LOOP_ANALYSIS = YES;
				CLANG_WARN_STRICT_PROTOTYPES = YES;
				CLANG_WARN_SUSPICIOUS_MOVE = YES;
				CLANG_WARN_UNGUARDED_AVAILABILITY = YES_AGGRESSIVE;
				CLANG_WARN_UNREACHABLE_CODE = YES;
				CLANG_WARN__DUPLICATE_METHOD_MATCH = YES;
				COPY_PHASE_STRIP = NO;
				DEBUG_INFORMATION_FORMAT = "dwarf-with-dsym";
				ENABLE_NS_ASSERTIONS = NO;
				ENABLE_STRICT_OBJC_MSGSEND = YES;
				ENABLE_USER_SCRIPT_SANDBOXING = YES;
				GCC_C_LANGUAGE_STANDARD = gnu17;
				GCC_NO_COMMON_BLOCKS = YES;
				GCC_WARN_64_TO_32_BIT_CONVERSION = YES;
				GCC_WARN_ABOUT_RETURN_TYPE = YES_ERROR;
				GCC_WARN_UNDECLARED_SELECTOR = YES;
				GCC_WARN_UNINITIALIZED_AUTOS = YES_AGGRESSIVE;
				GCC_WARN_UNUSED_FUNCTION = YES;
				GCC_WARN_UNUSED_VARIABLE = YES;
				IPHONEOS_DEPLOYMENT_TARGET = 16.4;
				LOCALIZATION_PREFERS_STRING_CATALOGS = YES;
				MTL_ENABLE_DEBUG_INFO = NO;
				MTL_FAST_MATH = YES;
				SDKROOT = iphoneos;
				SWIFT_COMPILATION_MODE = wholemodule;
				VALIDATE_PRODUCT = YES;
			};
			name = Release;
		};
		4647B0EB2ADB15B10014F39B /* Debug */ = {
			isa = XCBuildConfiguration;
			buildSettings = {
				ASSETCATALOG_COMPILER_APPICON_NAME = AppIcon;
				ASSETCATALOG_COMPILER_GLOBAL_ACCENT_COLOR_NAME = AccentColor;
				CODE_SIGN_STYLE = Automatic;
				CURRENT_PROJECT_VERSION = 1;
				DEVELOPMENT_TEAM = MG7VG49PJM;
				ENABLE_USER_SCRIPT_SANDBOXING = NO;
				GENERATE_INFOPLIST_FILE = YES;
				INFOPLIST_FILE = NewsApp/Resources/Info.plist;
				INFOPLIST_KEY_UIApplicationSupportsIndirectInputEvents = YES;
				INFOPLIST_KEY_UILaunchStoryboardName = LaunchScreen;
				INFOPLIST_KEY_UIMainStoryboardFile = Main;
				INFOPLIST_KEY_UISupportedInterfaceOrientations = UIInterfaceOrientationPortrait;
				IPHONEOS_DEPLOYMENT_TARGET = 16.4;
				LD_RUNPATH_SEARCH_PATHS = (
					"$(inherited)",
					"@executable_path/Frameworks",
				);
				MARKETING_VERSION = 1.0;
				PRODUCT_BUNDLE_IDENTIFIER = app.NewsApp;
				PRODUCT_NAME = "$(TARGET_NAME)";
				SWIFT_EMIT_LOC_STRINGS = YES;
				SWIFT_VERSION = 5.0;
				TARGETED_DEVICE_FAMILY = "1,2";
			};
			name = Debug;
		};
		4647B0EC2ADB15B10014F39B /* Release */ = {
			isa = XCBuildConfiguration;
			buildSettings = {
				ASSETCATALOG_COMPILER_APPICON_NAME = AppIcon;
				ASSETCATALOG_COMPILER_GLOBAL_ACCENT_COLOR_NAME = AccentColor;
				CODE_SIGN_STYLE = Automatic;
				CURRENT_PROJECT_VERSION = 1;
				DEVELOPMENT_TEAM = MG7VG49PJM;
				ENABLE_USER_SCRIPT_SANDBOXING = NO;
				GENERATE_INFOPLIST_FILE = YES;
				INFOPLIST_FILE = NewsApp/Resources/Info.plist;
				INFOPLIST_KEY_UIApplicationSupportsIndirectInputEvents = YES;
				INFOPLIST_KEY_UILaunchStoryboardName = LaunchScreen;
				INFOPLIST_KEY_UIMainStoryboardFile = Main;
				INFOPLIST_KEY_UISupportedInterfaceOrientations = UIInterfaceOrientationPortrait;
				IPHONEOS_DEPLOYMENT_TARGET = 16.4;
				LD_RUNPATH_SEARCH_PATHS = (
					"$(inherited)",
					"@executable_path/Frameworks",
				);
				MARKETING_VERSION = 1.0;
				PRODUCT_BUNDLE_IDENTIFIER = app.NewsApp;
				PRODUCT_NAME = "$(TARGET_NAME)";
				SWIFT_EMIT_LOC_STRINGS = YES;
				SWIFT_VERSION = 5.0;
				TARGETED_DEVICE_FAMILY = "1,2";
			};
			name = Release;
		};
/* End XCBuildConfiguration section */

/* Begin XCConfigurationList section */
		4647B0D12ADB15B00014F39B /* Build configuration list for PBXProject "NewsApp" */ = {
			isa = XCConfigurationList;
			buildConfigurations = (
				4647B0E82ADB15B10014F39B /* Debug */,
				4647B0E92ADB15B10014F39B /* Release */,
			);
			defaultConfigurationIsVisible = 0;
			defaultConfigurationName = Release;
		};
		4647B0EA2ADB15B10014F39B /* Build configuration list for PBXNativeTarget "NewsApp" */ = {
			isa = XCConfigurationList;
			buildConfigurations = (
				4647B0EB2ADB15B10014F39B /* Debug */,
				4647B0EC2ADB15B10014F39B /* Release */,
			);
			defaultConfigurationIsVisible = 0;
			defaultConfigurationName = Release;
		};
/* End XCConfigurationList section */

/* Begin XCRemoteSwiftPackageReference section */
		4647B11B2ADC635D0014F39B /* XCRemoteSwiftPackageReference "SnapKit" */ = {
			isa = XCRemoteSwiftPackageReference;
			repositoryURL = "https://github.com/SnapKit/SnapKit";
			requirement = {
				kind = upToNextMajorVersion;
				minimumVersion = 5.6.0;
			};
		};
/* End XCRemoteSwiftPackageReference section */

/* Begin XCSwiftPackageProductDependency section */
		4647B11C2ADC635D0014F39B /* SnapKit */ = {
			isa = XCSwiftPackageProductDependency;
			package = 4647B11B2ADC635D0014F39B /* XCRemoteSwiftPackageReference "SnapKit" */;
			productName = SnapKit;
		};
/* End XCSwiftPackageProductDependency section */
	};
	rootObject = 4647B0CE2ADB15B00014F39B /* Project object */;
}
